// !$*UTF8*$!
{
	archiveVersion = 1;
	classes = {
	};
	objectVersion = 46;
	objects = {

/* Begin PBXBuildFile section */
		27E81B381D5B51BD00D4C8D4 /* AppDelegate.swift in Sources */ = {isa = PBXBuildFile; fileRef = 27E81B371D5B51BD00D4C8D4 /* AppDelegate.swift */; };
		27E81B3A1D5B51BD00D4C8D4 /* ViewController.swift in Sources */ = {isa = PBXBuildFile; fileRef = 27E81B391D5B51BD00D4C8D4 /* ViewController.swift */; };
		27E81B3C1D5B51BE00D4C8D4 /* Assets.xcassets in Resources */ = {isa = PBXBuildFile; fileRef = 27E81B3B1D5B51BE00D4C8D4 /* Assets.xcassets */; };
		27E81B3F1D5B51BE00D4C8D4 /* Main.storyboard in Resources */ = {isa = PBXBuildFile; fileRef = 27E81B3D1D5B51BE00D4C8D4 /* Main.storyboard */; };
		27E81B4D1D5B51D900D4C8D4 /* Cocoa.framework in Frameworks */ = {isa = PBXBuildFile; fileRef = 27E81B4C1D5B51D900D4C8D4 /* Cocoa.framework */; };
		27E81B521D5B51D900D4C8D4 /* SourceEditorExtension.swift in Sources */ = {isa = PBXBuildFile; fileRef = 27E81B511D5B51D900D4C8D4 /* SourceEditorExtension.swift */; };
		27E81B541D5B51D900D4C8D4 /* EmojificateCommand.swift in Sources */ = {isa = PBXBuildFile; fileRef = 27E81B531D5B51D900D4C8D4 /* EmojificateCommand.swift */; };
		27E81B581D5B51D900D4C8D4 /* Emojificator_Extension.appex in Embed App Extensions */ = {isa = PBXBuildFile; fileRef = 27E81B4A1D5B51D900D4C8D4 /* Emojificator_Extension.appex */; settings = {ATTRIBUTES = (RemoveHeadersOnCopy, ); }; };
/* End PBXBuildFile section */

/* Begin PBXContainerItemProxy section */
		27E81B561D5B51D900D4C8D4 /* PBXContainerItemProxy */ = {
			isa = PBXContainerItemProxy;
			containerPortal = 27E81B2C1D5B51BD00D4C8D4 /* Project object */;
			proxyType = 1;
			remoteGlobalIDString = 27E81B491D5B51D900D4C8D4;
			remoteInfo = Emojificator_Extension;
		};
/* End PBXContainerItemProxy section */

/* Begin PBXCopyFilesBuildPhase section */
		27E81B5C1D5B51D900D4C8D4 /* Embed App Extensions */ = {
			isa = PBXCopyFilesBuildPhase;
			buildActionMask = 2147483647;
			dstPath = "";
			dstSubfolderSpec = 13;
			files = (
				27E81B581D5B51D900D4C8D4 /* Emojificator_Extension.appex in Embed App Extensions */,
			);
			name = "Embed App Extensions";
			runOnlyForDeploymentPostprocessing = 0;
		};
/* End PBXCopyFilesBuildPhase section */

/* Begin PBXFileReference section */
		27E81B341D5B51BD00D4C8D4 /* Emojificator.app */ = {isa = PBXFileReference; explicitFileType = wrapper.application; includeInIndex = 0; path = Emojificator.app; sourceTree = BUILT_PRODUCTS_DIR; };
		27E81B371D5B51BD00D4C8D4 /* AppDelegate.swift */ = {isa = PBXFileReference; lastKnownFileType = sourcecode.swift; path = AppDelegate.swift; sourceTree = "<group>"; };
		27E81B391D5B51BD00D4C8D4 /* ViewController.swift */ = {isa = PBXFileReference; lastKnownFileType = sourcecode.swift; path = ViewController.swift; sourceTree = "<group>"; };
		27E81B3B1D5B51BE00D4C8D4 /* Assets.xcassets */ = {isa = PBXFileReference; lastKnownFileType = folder.assetcatalog; path = Assets.xcassets; sourceTree = "<group>"; };
		27E81B3E1D5B51BE00D4C8D4 /* Base */ = {isa = PBXFileReference; lastKnownFileType = file.storyboard; name = Base; path = Base.lproj/Main.storyboard; sourceTree = "<group>"; };
		27E81B401D5B51BE00D4C8D4 /* Info.plist */ = {isa = PBXFileReference; lastKnownFileType = text.plist.xml; path = Info.plist; sourceTree = "<group>"; };
		27E81B4A1D5B51D900D4C8D4 /* Emojificator_Extension.appex */ = {isa = PBXFileReference; explicitFileType = "wrapper.app-extension"; includeInIndex = 0; path = Emojificator_Extension.appex; sourceTree = BUILT_PRODUCTS_DIR; };
		27E81B4C1D5B51D900D4C8D4 /* Cocoa.framework */ = {isa = PBXFileReference; lastKnownFileType = wrapper.framework; name = Cocoa.framework; path = System/Library/Frameworks/Cocoa.framework; sourceTree = SDKROOT; };
		27E81B501D5B51D900D4C8D4 /* Emojificator_Extension.entitlements */ = {isa = PBXFileReference; lastKnownFileType = text.plist.entitlements; path = Emojificator_Extension.entitlements; sourceTree = "<group>"; };
		27E81B511D5B51D900D4C8D4 /* SourceEditorExtension.swift */ = {isa = PBXFileReference; lastKnownFileType = sourcecode.swift; path = SourceEditorExtension.swift; sourceTree = "<group>"; };
		27E81B531D5B51D900D4C8D4 /* EmojificateCommand.swift */ = {isa = PBXFileReference; lastKnownFileType = sourcecode.swift; path = EmojificateCommand.swift; sourceTree = "<group>"; };
		27E81B551D5B51D900D4C8D4 /* Info.plist */ = {isa = PBXFileReference; lastKnownFileType = text.plist.xml; path = Info.plist; sourceTree = "<group>"; };
/* End PBXFileReference section */

/* Begin PBXFrameworksBuildPhase section */
		27E81B311D5B51BD00D4C8D4 /* Frameworks */ = {
			isa = PBXFrameworksBuildPhase;
			buildActionMask = 2147483647;
			files = (
			);
			runOnlyForDeploymentPostprocessing = 0;
		};
		27E81B471D5B51D900D4C8D4 /* Frameworks */ = {
			isa = PBXFrameworksBuildPhase;
			buildActionMask = 2147483647;
			files = (
				27E81B4D1D5B51D900D4C8D4 /* Cocoa.framework in Frameworks */,
			);
			runOnlyForDeploymentPostprocessing = 0;
		};
/* End PBXFrameworksBuildPhase section */

/* Begin PBXGroup section */
		27E81B2B1D5B51BD00D4C8D4 = {
			isa = PBXGroup;
			children = (
				27E81B361D5B51BD00D4C8D4 /* Emojificator */,
				27E81B4E1D5B51D900D4C8D4 /* Emojificator_Extension */,
				27E81B4B1D5B51D900D4C8D4 /* Frameworks */,
				27E81B351D5B51BD00D4C8D4 /* Products */,
			);
			sourceTree = "<group>";
		};
		27E81B351D5B51BD00D4C8D4 /* Products */ = {
			isa = PBXGroup;
			children = (
				27E81B341D5B51BD00D4C8D4 /* Emojificator.app */,
				27E81B4A1D5B51D900D4C8D4 /* Emojificator_Extension.appex */,
			);
			name = Products;
			sourceTree = "<group>";
		};
		27E81B361D5B51BD00D4C8D4 /* Emojificator */ = {
			isa = PBXGroup;
			children = (
				27E81B371D5B51BD00D4C8D4 /* AppDelegate.swift */,
				27E81B391D5B51BD00D4C8D4 /* ViewController.swift */,
				27E81B3B1D5B51BE00D4C8D4 /* Assets.xcassets */,
				27E81B3D1D5B51BE00D4C8D4 /* Main.storyboard */,
				27E81B401D5B51BE00D4C8D4 /* Info.plist */,
			);
			path = Emojificator;
			sourceTree = "<group>";
		};
		27E81B4B1D5B51D900D4C8D4 /* Frameworks */ = {
			isa = PBXGroup;
			children = (
				27E81B4C1D5B51D900D4C8D4 /* Cocoa.framework */,
			);
			name = Frameworks;
			sourceTree = "<group>";
		};
		27E81B4E1D5B51D900D4C8D4 /* Emojificator_Extension */ = {
			isa = PBXGroup;
			children = (
				27E81B511D5B51D900D4C8D4 /* SourceEditorExtension.swift */,
				27E81B531D5B51D900D4C8D4 /* EmojificateCommand.swift */,
				27E81B551D5B51D900D4C8D4 /* Info.plist */,
				27E81B4F1D5B51D900D4C8D4 /* Supporting Files */,
			);
			path = Emojificator_Extension;
			sourceTree = "<group>";
		};
		27E81B4F1D5B51D900D4C8D4 /* Supporting Files */ = {
			isa = PBXGroup;
			children = (
				27E81B501D5B51D900D4C8D4 /* Emojificator_Extension.entitlements */,
			);
			name = "Supporting Files";
			sourceTree = "<group>";
		};
/* End PBXGroup section */

/* Begin PBXNativeTarget section */
		27E81B331D5B51BD00D4C8D4 /* Emojificator */ = {
			isa = PBXNativeTarget;
			buildConfigurationList = 27E81B431D5B51BE00D4C8D4 /* Build configuration list for PBXNativeTarget "Emojificator" */;
			buildPhases = (
				27E81B301D5B51BD00D4C8D4 /* Sources */,
				27E81B311D5B51BD00D4C8D4 /* Frameworks */,
				27E81B321D5B51BD00D4C8D4 /* Resources */,
				27E81B5C1D5B51D900D4C8D4 /* Embed App Extensions */,
			);
			buildRules = (
			);
			dependencies = (
				27E81B571D5B51D900D4C8D4 /* PBXTargetDependency */,
			);
			name = Emojificator;
			productName = Emojificator;
			productReference = 27E81B341D5B51BD00D4C8D4 /* Emojificator.app */;
			productType = "com.apple.product-type.application";
		};
		27E81B491D5B51D900D4C8D4 /* Emojificator_Extension */ = {
			isa = PBXNativeTarget;
			buildConfigurationList = 27E81B591D5B51D900D4C8D4 /* Build configuration list for PBXNativeTarget "Emojificator_Extension" */;
			buildPhases = (
				27E81B461D5B51D900D4C8D4 /* Sources */,
				27E81B471D5B51D900D4C8D4 /* Frameworks */,
				27E81B481D5B51D900D4C8D4 /* Resources */,
			);
			buildRules = (
			);
			dependencies = (
			);
			name = Emojificator_Extension;
			productName = Emojificator_Extension;
			productReference = 27E81B4A1D5B51D900D4C8D4 /* Emojificator_Extension.appex */;
			productType = "com.apple.product-type.xcode-extension";
		};
/* End PBXNativeTarget section */

/* Begin PBXProject section */
		27E81B2C1D5B51BD00D4C8D4 /* Project object */ = {
			isa = PBXProject;
			attributes = {
				LastSwiftUpdateCheck = 0800;
				LastUpgradeCheck = 0800;
				ORGANIZATIONNAME = ShinobiControls;
				TargetAttributes = {
					27E81B331D5B51BD00D4C8D4 = {
						CreatedOnToolsVersion = 8.0;
						DevelopmentTeam = XJ74287KY8;
						DevelopmentTeamName = "Scott Logic Limited";
						ProvisioningStyle = Automatic;
					};
					27E81B491D5B51D900D4C8D4 = {
						CreatedOnToolsVersion = 8.0;
						DevelopmentTeam = XJ74287KY8;
						DevelopmentTeamName = "Scott Logic Limited";
						ProvisioningStyle = Automatic;
					};
				};
			};
			buildConfigurationList = 27E81B2F1D5B51BD00D4C8D4 /* Build configuration list for PBXProject "Emojificator" */;
			compatibilityVersion = "Xcode 3.2";
			developmentRegion = English;
			hasScannedForEncodings = 0;
			knownRegions = (
				en,
				Base,
			);
			mainGroup = 27E81B2B1D5B51BD00D4C8D4;
			productRefGroup = 27E81B351D5B51BD00D4C8D4 /* Products */;
			projectDirPath = "";
			projectRoot = "";
			targets = (
				27E81B331D5B51BD00D4C8D4 /* Emojificator */,
				27E81B491D5B51D900D4C8D4 /* Emojificator_Extension */,
			);
		};
/* End PBXProject section */

/* Begin PBXResourcesBuildPhase section */
		27E81B321D5B51BD00D4C8D4 /* Resources */ = {
			isa = PBXResourcesBuildPhase;
			buildActionMask = 2147483647;
			files = (
				27E81B3C1D5B51BE00D4C8D4 /* Assets.xcassets in Resources */,
				27E81B3F1D5B51BE00D4C8D4 /* Main.storyboard in Resources */,
			);
			runOnlyForDeploymentPostprocessing = 0;
		};
		27E81B481D5B51D900D4C8D4 /* Resources */ = {
			isa = PBXResourcesBuildPhase;
			buildActionMask = 2147483647;
			files = (
			);
			runOnlyForDeploymentPostprocessing = 0;
		};
/* End PBXResourcesBuildPhase section */

/* Begin PBXSourcesBuildPhase section */
		27E81B301D5B51BD00D4C8D4 /* Sources */ = {
			isa = PBXSourcesBuildPhase;
			buildActionMask = 2147483647;
			files = (
				27E81B3A1D5B51BD00D4C8D4 /* ViewController.swift in Sources */,
				27E81B381D5B51BD00D4C8D4 /* AppDelegate.swift in Sources */,
			);
			runOnlyForDeploymentPostprocessing = 0;
		};
		27E81B461D5B51D900D4C8D4 /* Sources */ = {
			isa = PBXSourcesBuildPhase;
			buildActionMask = 2147483647;
			files = (
				27E81B521D5B51D900D4C8D4 /* SourceEditorExtension.swift in Sources */,
				27E81B541D5B51D900D4C8D4 /* EmojificateCommand.swift in Sources */,
			);
			runOnlyForDeploymentPostprocessing = 0;
		};
/* End PBXSourcesBuildPhase section */

/* Begin PBXTargetDependency section */
		27E81B571D5B51D900D4C8D4 /* PBXTargetDependency */ = {
			isa = PBXTargetDependency;
			target = 27E81B491D5B51D900D4C8D4 /* Emojificator_Extension */;
			targetProxy = 27E81B561D5B51D900D4C8D4 /* PBXContainerItemProxy */;
		};
/* End PBXTargetDependency section */

/* Begin PBXVariantGroup section */
		27E81B3D1D5B51BE00D4C8D4 /* Main.storyboard */ = {
			isa = PBXVariantGroup;
			children = (
				27E81B3E1D5B51BE00D4C8D4 /* Base */,
			);
			name = Main.storyboard;
			sourceTree = "<group>";
		};
/* End PBXVariantGroup section */

/* Begin XCBuildConfiguration section */
		27E81B411D5B51BE00D4C8D4 /* Debug */ = {
			isa = XCBuildConfiguration;
			buildSettings = {
				ALWAYS_SEARCH_USER_PATHS = NO;
				CLANG_ANALYZER_NONNULL = YES;
				CLANG_CXX_LANGUAGE_STANDARD = "gnu++0x";
				CLANG_CXX_LIBRARY = "libc++";
				CLANG_ENABLE_MODULES = YES;
				CLANG_ENABLE_OBJC_ARC = YES;
				CLANG_WARN_BOOL_CONVERSION = YES;
				CLANG_WARN_CONSTANT_CONVERSION = YES;
				CLANG_WARN_DIRECT_OBJC_ISA_USAGE = YES_ERROR;
				CLANG_WARN_DOCUMENTATION_COMMENTS = YES;
				CLANG_WARN_EMPTY_BODY = YES;
				CLANG_WARN_ENUM_CONVERSION = YES;
				CLANG_WARN_INT_CONVERSION = YES;
				CLANG_WARN_OBJC_ROOT_CLASS = YES_ERROR;
				CLANG_WARN_UNREACHABLE_CODE = YES;
				CLANG_WARN__DUPLICATE_METHOD_MATCH = YES;
				CODE_SIGN_IDENTITY = "-";
				COPY_PHASE_STRIP = NO;
				DEBUG_INFORMATION_FORMAT = dwarf;
				ENABLE_STRICT_OBJC_MSGSEND = YES;
				ENABLE_TESTABILITY = YES;
				GCC_C_LANGUAGE_STANDARD = gnu99;
				GCC_DYNAMIC_NO_PIC = NO;
				GCC_NO_COMMON_BLOCKS = YES;
				GCC_OPTIMIZATION_LEVEL = 0;
				GCC_PREPROCESSOR_DEFINITIONS = (
					"DEBUG=1",
					"$(inherited)",
				);
				GCC_WARN_64_TO_32_BIT_CONVERSION = YES;
				GCC_WARN_ABOUT_RETURN_TYPE = YES_ERROR;
				GCC_WARN_UNDECLARED_SELECTOR = YES;
				GCC_WARN_UNINITIALIZED_AUTOS = YES_AGGRESSIVE;
				GCC_WARN_UNUSED_FUNCTION = YES;
				GCC_WARN_UNUSED_VARIABLE = YES;
				MACOSX_DEPLOYMENT_TARGET = 10.11;
				MTL_ENABLE_DEBUG_INFO = YES;
				ONLY_ACTIVE_ARCH = YES;
				SDKROOT = macosx;
				SWIFT_ACTIVE_COMPILATION_CONDITIONS = DEBUG;
				SWIFT_OPTIMIZATION_LEVEL = "-Onone";
			};
			name = Debug;
		};
		27E81B421D5B51BE00D4C8D4 /* Release */ = {
			isa = XCBuildConfiguration;
			buildSettings = {
				ALWAYS_SEARCH_USER_PATHS = NO;
				CLANG_ANALYZER_NONNULL = YES;
				CLANG_CXX_LANGUAGE_STANDARD = "gnu++0x";
				CLANG_CXX_LIBRARY = "libc++";
				CLANG_ENABLE_MODULES = YES;
				CLANG_ENABLE_OBJC_ARC = YES;
				CLANG_WARN_BOOL_CONVERSION = YES;
				CLANG_WARN_CONSTANT_CONVERSION = YES;
				CLANG_WARN_DIRECT_OBJC_ISA_USAGE = YES_ERROR;
				CLANG_WARN_DOCUMENTATION_COMMENTS = YES;
				CLANG_WARN_EMPTY_BODY = YES;
				CLANG_WARN_ENUM_CONVERSION = YES;
				CLANG_WARN_INT_CONVERSION = YES;
				CLANG_WARN_OBJC_ROOT_CLASS = YES_ERROR;
				CLANG_WARN_UNREACHABLE_CODE = YES;
				CLANG_WARN__DUPLICATE_METHOD_MATCH = YES;
				CODE_SIGN_IDENTITY = "-";
				COPY_PHASE_STRIP = NO;
				DEBUG_INFORMATION_FORMAT = "dwarf-with-dsym";
				ENABLE_NS_ASSERTIONS = NO;
				ENABLE_STRICT_OBJC_MSGSEND = YES;
				GCC_C_LANGUAGE_STANDARD = gnu99;
				GCC_NO_COMMON_BLOCKS = YES;
				GCC_WARN_64_TO_32_BIT_CONVERSION = YES;
				GCC_WARN_ABOUT_RETURN_TYPE = YES_ERROR;
				GCC_WARN_UNDECLARED_SELECTOR = YES;
				GCC_WARN_UNINITIALIZED_AUTOS = YES_AGGRESSIVE;
				GCC_WARN_UNUSED_FUNCTION = YES;
				GCC_WARN_UNUSED_VARIABLE = YES;
				MACOSX_DEPLOYMENT_TARGET = 10.11;
				MTL_ENABLE_DEBUG_INFO = NO;
				SDKROOT = macosx;
				SWIFT_OPTIMIZATION_LEVEL = "-Owholemodule";
			};
			name = Release;
		};
		27E81B441D5B51BE00D4C8D4 /* Debug */ = {
			isa = XCBuildConfiguration;
			buildSettings = {
				ALWAYS_EMBED_SWIFT_STANDARD_LIBRARIES = YES;
				ASSETCATALOG_COMPILER_APPICON_NAME = AppIcon;
				COMBINE_HIDPI_IMAGES = YES;
				INFOPLIST_FILE = Emojificator/Info.plist;
				LD_RUNPATH_SEARCH_PATHS = "$(inherited) @executable_path/../Frameworks";
				PRODUCT_BUNDLE_IDENTIFIER = com.shinobicontrols.Emojificator;
				PRODUCT_NAME = "$(TARGET_NAME)";
				SWIFT_VERSION = 3.0;
			};
			name = Debug;
		};
		27E81B451D5B51BE00D4C8D4 /* Release */ = {
			isa = XCBuildConfiguration;
			buildSettings = {
				ALWAYS_EMBED_SWIFT_STANDARD_LIBRARIES = YES;
				ASSETCATALOG_COMPILER_APPICON_NAME = AppIcon;
				COMBINE_HIDPI_IMAGES = YES;
				INFOPLIST_FILE = Emojificator/Info.plist;
				LD_RUNPATH_SEARCH_PATHS = "$(inherited) @executable_path/../Frameworks";
				PRODUCT_BUNDLE_IDENTIFIER = com.shinobicontrols.Emojificator;
				PRODUCT_NAME = "$(TARGET_NAME)";
				SWIFT_VERSION = 3.0;
			};
			name = Release;
		};
		27E81B5A1D5B51D900D4C8D4 /* Debug */ = {
			isa = XCBuildConfiguration;
			buildSettings = {
				CODE_SIGN_ENTITLEMENTS = Emojificator_Extension/Emojificator_Extension.entitlements;
				COMBINE_HIDPI_IMAGES = YES;
				INFOPLIST_FILE = Emojificator_Extension/Info.plist;
				LD_RUNPATH_SEARCH_PATHS = "$(inherited) @executable_path/../Frameworks @executable_path/../../../../Frameworks";
				MACOSX_DEPLOYMENT_TARGET = 10.11;
				PRODUCT_BUNDLE_IDENTIFIER = "com.shinobicontrols.Emojificator.Emojificator-Extension";
				PRODUCT_NAME = "$(TARGET_NAME)";
				SKIP_INSTALL = YES;
				SWIFT_VERSION = 3.0;
			};
			name = Debug;
		};
		27E81B5B1D5B51D900D4C8D4 /* Release */ = {
			isa = XCBuildConfiguration;
			buildSettings = {
				CODE_SIGN_ENTITLEMENTS = Emojificator_Extension/Emojificator_Extension.entitlements;
				COMBINE_HIDPI_IMAGES = YES;
				INFOPLIST_FILE = Emojificator_Extension/Info.plist;
				LD_RUNPATH_SEARCH_PATHS = "$(inherited) @executable_path/../Frameworks @executable_path/../../../../Frameworks";
				MACOSX_DEPLOYMENT_TARGET = 10.11;
				PRODUCT_BUNDLE_IDENTIFIER = "com.shinobicontrols.Emojificator.Emojificator-Extension";
				PRODUCT_NAME = "$(TARGET_NAME)";
				SKIP_INSTALL = YES;
				SWIFT_VERSION = 3.0;
			};
			name = Release;
		};
/* End XCBuildConfiguration section */

/* Begin XCConfigurationList section */
		27E81B2F1D5B51BD00D4C8D4 /* Build configuration list for PBXProject "Emojificator" */ = {
			isa = XCConfigurationList;
			buildConfigurations = (
				27E81B411D5B51BE00D4C8D4 /* Debug */,
				27E81B421D5B51BE00D4C8D4 /* Release */,
			);
			defaultConfigurationIsVisible = 0;
			defaultConfigurationName = Release;
		};
		27E81B431D5B51BE00D4C8D4 /* Build configuration list for PBXNativeTarget "Emojificator" */ = {
			isa = XCConfigurationList;
			buildConfigurations = (
				27E81B441D5B51BE00D4C8D4 /* Debug */,
				27E81B451D5B51BE00D4C8D4 /* Release */,
			);
			defaultConfigurationIsVisible = 0;
			defaultConfigurationName = Release;
		};
		27E81B591D5B51D900D4C8D4 /* Build configuration list for PBXNativeTarget "Emojificator_Extension" */ = {
			isa = XCConfigurationList;
			buildConfigurations = (
				27E81B5A1D5B51D900D4C8D4 /* Debug */,
				27E81B5B1D5B51D900D4C8D4 /* Release */,
			);
			defaultConfigurationIsVisible = 0;
			defaultConfigurationName = Release;
		};
/* End XCConfigurationList section */
	};
	rootObject = 27E81B2C1D5B51BD00D4C8D4 /* Project object */;
}
