// !$*UTF8*$!
{
	archiveVersion = 1;
	classes = {
	};
	objectVersion = 46;
	objects = {

/* Begin PBXBuildFile section */
		27280BAF1D53577B008E5539 /* Account.swift in Sources */ = {isa = PBXBuildFile; fileRef = 27280BAE1D53577B008E5539 /* Account.swift */; };
		2770909D1D522EF90015B579 /* AppDelegate.swift in Sources */ = {isa = PBXBuildFile; fileRef = 2770909C1D522EF90015B579 /* AppDelegate.swift */; };
		2770909F1D522EF90015B579 /* ViewController.swift in Sources */ = {isa = PBXBuildFile; fileRef = 2770909E1D522EF90015B579 /* ViewController.swift */; };
		277090A21D522EF90015B579 /* Main.storyboard in Resources */ = {isa = PBXBuildFile; fileRef = 277090A01D522EF90015B579 /* Main.storyboard */; };
		277090A41D522EF90015B579 /* Assets.xcassets in Resources */ = {isa = PBXBuildFile; fileRef = 277090A31D522EF90015B579 /* Assets.xcassets */; };
		277090A71D522EF90015B579 /* LaunchScreen.storyboard in Resources */ = {isa = PBXBuildFile; fileRef = 277090A51D522EF90015B579 /* LaunchScreen.storyboard */; };
/* End PBXBuildFile section */

/* Begin PBXFileReference section */
		27280BAE1D53577B008E5539 /* Account.swift */ = {isa = PBXFileReference; fileEncoding = 4; lastKnownFileType = sourcecode.swift; path = Account.swift; sourceTree = "<group>"; };
		277090991D522EF90015B579 /* ThreadSanitizer.app */ = {isa = PBXFileReference; explicitFileType = wrapper.application; includeInIndex = 0; path = ThreadSanitizer.app; sourceTree = BUILT_PRODUCTS_DIR; };
		2770909C1D522EF90015B579 /* AppDelegate.swift */ = {isa = PBXFileReference; lastKnownFileType = sourcecode.swift; path = AppDelegate.swift; sourceTree = "<group>"; };
		2770909E1D522EF90015B579 /* ViewController.swift */ = {isa = PBXFileReference; lastKnownFileType = sourcecode.swift; path = ViewController.swift; sourceTree = "<group>"; };
		277090A11D522EF90015B579 /* Base */ = {isa = PBXFileReference; lastKnownFileType = file.storyboard; name = Base; path = Base.lproj/Main.storyboard; sourceTree = "<group>"; };
		277090A31D522EF90015B579 /* Assets.xcassets */ = {isa = PBXFileReference; lastKnownFileType = folder.assetcatalog; path = Assets.xcassets; sourceTree = "<group>"; };
		277090A61D522EF90015B579 /* Base */ = {isa = PBXFileReference; lastKnownFileType = file.storyboard; name = Base; path = Base.lproj/LaunchScreen.storyboard; sourceTree = "<group>"; };
		277090A81D522EF90015B579 /* Info.plist */ = {isa = PBXFileReference; lastKnownFileType = text.plist.xml; path = Info.plist; sourceTree = "<group>"; };
/* End PBXFileReference section */

/* Begin PBXFrameworksBuildPhase section */
		277090961D522EF90015B579 /* Frameworks */ = {
			isa = PBXFrameworksBuildPhase;
			buildActionMask = 2147483647;
			files = (
			);
			runOnlyForDeploymentPostprocessing = 0;
		};
/* End PBXFrameworksBuildPhase section */

/* Begin PBXGroup section */
		277090901D522EF90015B579 = {
			isa = PBXGroup;
			children = (
				2770909B1D522EF90015B579 /* ThreadSanitizer */,
				2770909A1D522EF90015B579 /* Products */,
			);
			sourceTree = "<group>";
		};
		2770909A1D522EF90015B579 /* Products */ = {
			isa = PBXGroup;
			children = (
				277090991D522EF90015B579 /* ThreadSanitizer.app */,
			);
			name = Products;
			sourceTree = "<group>";
		};
		2770909B1D522EF90015B579 /* ThreadSanitizer */ = {
			isa = PBXGroup;
			children = (
				2770909C1D522EF90015B579 /* AppDelegate.swift */,
				2770909E1D522EF90015B579 /* ViewController.swift */,
				27280BAE1D53577B008E5539 /* Account.swift */,
				277090A01D522EF90015B579 /* Main.storyboard */,
				277090A31D522EF90015B579 /* Assets.xcassets */,
				277090A51D522EF90015B579 /* LaunchScreen.storyboard */,
				277090A81D522EF90015B579 /* Info.plist */,
			);
			path = ThreadSanitizer;
			sourceTree = "<group>";
		};
/* End PBXGroup section */

/* Begin PBXNativeTarget section */
		277090981D522EF90015B579 /* ThreadSanitizer */ = {
			isa = PBXNativeTarget;
			buildConfigurationList = 277090AB1D522EF90015B579 /* Build configuration list for PBXNativeTarget "ThreadSanitizer" */;
			buildPhases = (
				277090951D522EF90015B579 /* Sources */,
				277090961D522EF90015B579 /* Frameworks */,
				277090971D522EF90015B579 /* Resources */,
			);
			buildRules = (
			);
			dependencies = (
			);
			name = ThreadSanitizer;
			productName = ThreadSanitizer;
			productReference = 277090991D522EF90015B579 /* ThreadSanitizer.app */;
			productType = "com.apple.product-type.application";
		};
/* End PBXNativeTarget section */

/* Begin PBXProject section */
		277090911D522EF90015B579 /* Project object */ = {
			isa = PBXProject;
			attributes = {
				LastSwiftUpdateCheck = 0800;
				LastUpgradeCheck = 0800;
				ORGANIZATIONNAME = ShinobiControls;
				TargetAttributes = {
					277090981D522EF90015B579 = {
						CreatedOnToolsVersion = 8.0;
						DevelopmentTeam = XJ74287KY8;
						DevelopmentTeamName = "Scott Logic Limited";
						ProvisioningStyle = Automatic;
					};
				};
			};
			buildConfigurationList = 277090941D522EF90015B579 /* Build configuration list for PBXProject "ThreadSanitizer" */;
			compatibilityVersion = "Xcode 3.2";
			developmentRegion = English;
			hasScannedForEncodings = 0;
			knownRegions = (
				en,
				Base,
			);
			mainGroup = 277090901D522EF90015B579;
			productRefGroup = 2770909A1D522EF90015B579 /* Products */;
			projectDirPath = "";
			projectRoot = "";
			targets = (
				277090981D522EF90015B579 /* ThreadSanitizer */,
			);
		};
/* End PBXProject section */

/* Begin PBXResourcesBuildPhase section */
		277090971D522EF90015B579 /* Resources */ = {
			isa = PBXResourcesBuildPhase;
			buildActionMask = 2147483647;
			files = (
				277090A71D522EF90015B579 /* LaunchScreen.storyboard in Resources */,
				277090A41D522EF90015B579 /* Assets.xcassets in Resources */,
				277090A21D522EF90015B579 /* Main.storyboard in Resources */,
			);
			runOnlyForDeploymentPostprocessing = 0;
		};
/* End PBXResourcesBuildPhase section */

/* Begin PBXSourcesBuildPhase section */
		277090951D522EF90015B579 /* Sources */ = {
			isa = PBXSourcesBuildPhase;
			buildActionMask = 2147483647;
			files = (
				2770909F1D522EF90015B579 /* ViewController.swift in Sources */,
				2770909D1D522EF90015B579 /* AppDelegate.swift in Sources */,
				27280BAF1D53577B008E5539 /* Account.swift in Sources */,
			);
			runOnlyForDeploymentPostprocessing = 0;
		};
/* End PBXSourcesBuildPhase section */

/* Begin PBXVariantGroup section */
		277090A01D522EF90015B579 /* Main.storyboard */ = {
			isa = PBXVariantGroup;
			children = (
				277090A11D522EF90015B579 /* Base */,
			);
			name = Main.storyboard;
			sourceTree = "<group>";
		};
		277090A51D522EF90015B579 /* LaunchScreen.storyboard */ = {
			isa = PBXVariantGroup;
			children = (
				277090A61D522EF90015B579 /* Base */,
			);
			name = LaunchScreen.storyboard;
			sourceTree = "<group>";
		};
/* End PBXVariantGroup section */

/* Begin XCBuildConfiguration section */
		277090A91D522EF90015B579 /* Debug */ = {
			isa = XCBuildConfiguration;
			buildSettings = {
				ALWAYS_SEARCH_USER_PATHS = NO;
				CLANG_ANALYZER_NONNULL = YES;
				CLANG_CXX_LANGUAGE_STANDARD = "gnu++0x";
				CLANG_CXX_LIBRARY = "libc++";
				CLANG_ENABLE_MODULES = YES;
				CLANG_ENABLE_OBJC_ARC = YES;
				CLANG_WARN_BOOL_CONVERSION = YES;
				CLANG_WARN_CONSTANT_CONVERSION = YES;
				CLANG_WARN_DIRECT_OBJC_ISA_USAGE = YES_ERROR;
				CLANG_WARN_DOCUMENTATION_COMMENTS = YES;
				CLANG_WARN_EMPTY_BODY = YES;
				CLANG_WARN_ENUM_CONVERSION = YES;
				CLANG_WARN_INT_CONVERSION = YES;
				CLANG_WARN_OBJC_ROOT_CLASS = YES_ERROR;
				CLANG_WARN_UNREACHABLE_CODE = YES;
				CLANG_WARN__DUPLICATE_METHOD_MATCH = YES;
				"CODE_SIGN_IDENTITY[sdk=iphoneos*]" = "iPhone Developer";
				COPY_PHASE_STRIP = NO;
				DEBUG_INFORMATION_FORMAT = dwarf;
				ENABLE_STRICT_OBJC_MSGSEND = YES;
				ENABLE_TESTABILITY = YES;
				GCC_C_LANGUAGE_STANDARD = gnu99;
				GCC_DYNAMIC_NO_PIC = NO;
				GCC_NO_COMMON_BLOCKS = YES;
				GCC_OPTIMIZATION_LEVEL = 0;
				GCC_PREPROCESSOR_DEFINITIONS = (
					"DEBUG=1",
					"$(inherited)",
				);
				GCC_WARN_64_TO_32_BIT_CONVERSION = YES;
				GCC_WARN_ABOUT_RETURN_TYPE = YES_ERROR;
				GCC_WARN_UNDECLARED_SELECTOR = YES;
				GCC_WARN_UNINITIALIZED_AUTOS = YES_AGGRESSIVE;
				GCC_WARN_UNUSED_FUNCTION = YES;
				GCC_WARN_UNUSED_VARIABLE = YES;
				IPHONEOS_DEPLOYMENT_TARGET = 10.0;
				MTL_ENABLE_DEBUG_INFO = YES;
				ONLY_ACTIVE_ARCH = YES;
				SDKROOT = iphoneos;
				SWIFT_ACTIVE_COMPILATION_CONDITIONS = DEBUG;
				SWIFT_OPTIMIZATION_LEVEL = "-Onone";
				TARGETED_DEVICE_FAMILY = "1,2";
			};
			name = Debug;
		};
		277090AA1D522EF90015B579 /* Release */ = {
			isa = XCBuildConfiguration;
			buildSettings = {
				ALWAYS_SEARCH_USER_PATHS = NO;
				CLANG_ANALYZER_NONNULL = YES;
				CLANG_CXX_LANGUAGE_STANDARD = "gnu++0x";
				CLANG_CXX_LIBRARY = "libc++";
				CLANG_ENABLE_MODULES = YES;
				CLANG_ENABLE_OBJC_ARC = YES;
				CLANG_WARN_BOOL_CONVERSION = YES;
				CLANG_WARN_CONSTANT_CONVERSION = YES;
				CLANG_WARN_DIRECT_OBJC_ISA_USAGE = YES_ERROR;
				CLANG_WARN_DOCUMENTATION_COMMENTS = YES;
				CLANG_WARN_EMPTY_BODY = YES;
				CLANG_WARN_ENUM_CONVERSION = YES;
				CLANG_WARN_INT_CONVERSION = YES;
				CLANG_WARN_OBJC_ROOT_CLASS = YES_ERROR;
				CLANG_WARN_UNREACHABLE_CODE = YES;
				CLANG_WARN__DUPLICATE_METHOD_MATCH = YES;
				"CODE_SIGN_IDENTITY[sdk=iphoneos*]" = "iPhone Developer";
				COPY_PHASE_STRIP = NO;
				DEBUG_INFORMATION_FORMAT = "dwarf-with-dsym";
				ENABLE_NS_ASSERTIONS = NO;
				ENABLE_STRICT_OBJC_MSGSEND = YES;
				GCC_C_LANGUAGE_STANDARD = gnu99;
				GCC_NO_COMMON_BLOCKS = YES;
				GCC_WARN_64_TO_32_BIT_CONVERSION = YES;
				GCC_WARN_ABOUT_RETURN_TYPE = YES_ERROR;
				GCC_WARN_UNDECLARED_SELECTOR = YES;
				GCC_WARN_UNINITIALIZED_AUTOS = YES_AGGRESSIVE;
				GCC_WARN_UNUSED_FUNCTION = YES;
				GCC_WARN_UNUSED_VARIABLE = YES;
				IPHONEOS_DEPLOYMENT_TARGET = 10.0;
				MTL_ENABLE_DEBUG_INFO = NO;
				SDKROOT = iphoneos;
				SWIFT_OPTIMIZATION_LEVEL = "-Owholemodule";
				TARGETED_DEVICE_FAMILY = "1,2";
				VALIDATE_PRODUCT = YES;
			};
			name = Release;
		};
		277090AC1D522EF90015B579 /* Debug */ = {
			isa = XCBuildConfiguration;
			buildSettings = {
				ASSETCATALOG_COMPILER_APPICON_NAME = AppIcon;
				INFOPLIST_FILE = ThreadSanitizer/Info.plist;
				LD_RUNPATH_SEARCH_PATHS = "$(inherited) @executable_path/Frameworks";
				PRODUCT_BUNDLE_IDENTIFIER = com.shinobicontrols.ThreadSanitizer;
				PRODUCT_NAME = "$(TARGET_NAME)";
				SWIFT_VERSION = 3.0;
			};
			name = Debug;
		};
		277090AD1D522EF90015B579 /* Release */ = {
			isa = XCBuildConfiguration;
			buildSettings = {
				ASSETCATALOG_COMPILER_APPICON_NAME = AppIcon;
				INFOPLIST_FILE = ThreadSanitizer/Info.plist;
				LD_RUNPATH_SEARCH_PATHS = "$(inherited) @executable_path/Frameworks";
				PRODUCT_BUNDLE_IDENTIFIER = com.shinobicontrols.ThreadSanitizer;
				PRODUCT_NAME = "$(TARGET_NAME)";
				SWIFT_VERSION = 3.0;
			};
			name = Release;
		};
/* End XCBuildConfiguration section */

/* Begin XCConfigurationList section */
		277090941D522EF90015B579 /* Build configuration list for PBXProject "ThreadSanitizer" */ = {
			isa = XCConfigurationList;
			buildConfigurations = (
				277090A91D522EF90015B579 /* Debug */,
				277090AA1D522EF90015B579 /* Release */,
			);
			defaultConfigurationIsVisible = 0;
			defaultConfigurationName = Release;
		};
		277090AB1D522EF90015B579 /* Build configuration list for PBXNativeTarget "ThreadSanitizer" */ = {
			isa = XCConfigurationList;
			buildConfigurations = (
				277090AC1D522EF90015B579 /* Debug */,
				277090AD1D522EF90015B579 /* Release */,
			);
			defaultConfigurationIsVisible = 0;
			defaultConfigurationName = Release;
		};
/* End XCConfigurationList section */
	};
	rootObject = 277090911D522EF90015B579 /* Project object */;
}
